
Microsoft Visual Studio Solution File, Format Version 12.00
# Visual Studio 15
VisualStudioVersion = 15.0.27130.2010
MinimumVisualStudioVersion = 10.0.40219.1
Project("{9A19103F-16F7-4668-BE54-9A1E7A4F7556}") = "DoWithYou", "DoWithYou\DoWithYou.csproj", "{CE50F684-8C2E-4679-9F0F-643098FD84A1}"
	ProjectSection(ProjectDependencies) = postProject
		{B0FE9EE2-8B56-4E74-A6A6-043BBCEC6D85} = {B0FE9EE2-8B56-4E74-A6A6-043BBCEC6D85}
	EndProjectSection
EndProject
Project("{9A19103F-16F7-4668-BE54-9A1E7A4F7556}") = "DoWithYou.Service", "DoWithYou.Service\DoWithYou.Service.csproj", "{B0FE9EE2-8B56-4E74-A6A6-043BBCEC6D85}"
	ProjectSection(ProjectDependencies) = postProject
		{51514829-9A0E-4B82-8BFF-72B9DEBC8D9C} = {51514829-9A0E-4B82-8BFF-72B9DEBC8D9C}
	EndProjectSection
EndProject
Project("{9A19103F-16F7-4668-BE54-9A1E7A4F7556}") = "DoWithYou.Model", "DoWithYou.Model\DoWithYou.Model.csproj", "{51514829-9A0E-4B82-8BFF-72B9DEBC8D9C}"
	ProjectSection(ProjectDependencies) = postProject
		{7D4822E9-8E5F-4034-83F6-CADCECBCC7C1} = {7D4822E9-8E5F-4034-83F6-CADCECBCC7C1}
	EndProjectSection
EndProject
Project("{9A19103F-16F7-4668-BE54-9A1E7A4F7556}") = "DoWithYou.Data", "DoWithYou.Data\DoWithYou.Data.csproj", "{7D4822E9-8E5F-4034-83F6-CADCECBCC7C1}"
EndProject
Project("{2150E333-8FDC-42A3-9474-1A3956D46DE8}") = "Tests", "Tests", "{1AD86A2F-4CAE-4023-A46C-8EFE7A4A6662}"
EndProject
Project("{9A19103F-16F7-4668-BE54-9A1E7A4F7556}") = "DoWithYou.Shared", "DoWithYou.Shared\DoWithYou.Shared.csproj", "{0A10CCEE-AE9B-42EB-AAE7-DB13D1230FD5}"
EndProject
Project("{9A19103F-16F7-4668-BE54-9A1E7A4F7556}") = "DoWithYou.Interface", "DoWithYou.Interface\DoWithYou.Interface.csproj", "{EAE66B86-12BC-4D01-8B6D-C25468AF6548}"
EndProject
Project("{FAE04EC0-301F-11D3-BF4B-00C04F79EFBC}") = "DoWithYou.UnitTest", "Tests\DoWithYou.UnitTest\DoWithYou.UnitTest.csproj", "{CDEE140A-DF65-441B-A468-7BABA7CB8B86}"
EndProject
Global
	GlobalSection(SolutionConfigurationPlatforms) = preSolution
		Debug|Any CPU = Debug|Any CPU
		Release|Any CPU = Release|Any CPU
	EndGlobalSection
	GlobalSection(ProjectConfigurationPlatforms) = postSolution
		{CE50F684-8C2E-4679-9F0F-643098FD84A1}.Debug|Any CPU.ActiveCfg = Debug|Any CPU
		{CE50F684-8C2E-4679-9F0F-643098FD84A1}.Debug|Any CPU.Build.0 = Debug|Any CPU
		{CE50F684-8C2E-4679-9F0F-643098FD84A1}.Release|Any CPU.ActiveCfg = Release|Any CPU
		{CE50F684-8C2E-4679-9F0F-643098FD84A1}.Release|Any CPU.Build.0 = Release|Any CPU
		{B0FE9EE2-8B56-4E74-A6A6-043BBCEC6D85}.Debug|Any CPU.ActiveCfg = Debug|Any CPU
		{B0FE9EE2-8B56-4E74-A6A6-043BBCEC6D85}.Debug|Any CPU.Build.0 = Debug|Any CPU
		{B0FE9EE2-8B56-4E74-A6A6-043BBCEC6D85}.Release|Any CPU.ActiveCfg = Release|Any CPU
		{B0FE9EE2-8B56-4E74-A6A6-043BBCEC6D85}.Release|Any CPU.Build.0 = Release|Any CPU
		{51514829-9A0E-4B82-8BFF-72B9DEBC8D9C}.Debug|Any CPU.ActiveCfg = Debug|Any CPU
		{51514829-9A0E-4B82-8BFF-72B9DEBC8D9C}.Debug|Any CPU.Build.0 = Debug|Any CPU
		{51514829-9A0E-4B82-8BFF-72B9DEBC8D9C}.Release|Any CPU.ActiveCfg = Release|Any CPU
		{51514829-9A0E-4B82-8BFF-72B9DEBC8D9C}.Release|Any CPU.Build.0 = Release|Any CPU
		{7D4822E9-8E5F-4034-83F6-CADCECBCC7C1}.Debug|Any CPU.ActiveCfg = Debug|Any CPU
		{7D4822E9-8E5F-4034-83F6-CADCECBCC7C1}.Debug|Any CPU.Build.0 = Debug|Any CPU
		{7D4822E9-8E5F-4034-83F6-CADCECBCC7C1}.Release|Any CPU.ActiveCfg = Release|Any CPU
		{7D4822E9-8E5F-4034-83F6-CADCECBCC7C1}.Release|Any CPU.Build.0 = Release|Any CPU
		{0A10CCEE-AE9B-42EB-AAE7-DB13D1230FD5}.Debug|Any CPU.ActiveCfg = Debug|Any CPU
		{0A10CCEE-AE9B-42EB-AAE7-DB13D1230FD5}.Debug|Any CPU.Build.0 = Debug|Any CPU
		{0A10CCEE-AE9B-42EB-AAE7-DB13D1230FD5}.Release|Any CPU.ActiveCfg = Release|Any CPU
		{0A10CCEE-AE9B-42EB-AAE7-DB13D1230FD5}.Release|Any CPU.Build.0 = Release|Any CPU
		{EAE66B86-12BC-4D01-8B6D-C25468AF6548}.Debug|Any CPU.ActiveCfg = Debug|Any CPU
		{EAE66B86-12BC-4D01-8B6D-C25468AF6548}.Debug|Any CPU.Build.0 = Debug|Any CPU
		{EAE66B86-12BC-4D01-8B6D-C25468AF6548}.Release|Any CPU.ActiveCfg = Release|Any CPU
		{EAE66B86-12BC-4D01-8B6D-C25468AF6548}.Release|Any CPU.Build.0 = Release|Any CPU
		{CDEE140A-DF65-441B-A468-7BABA7CB8B86}.Debug|Any CPU.ActiveCfg = Debug|Any CPU
		{CDEE140A-DF65-441B-A468-7BABA7CB8B86}.Debug|Any CPU.Build.0 = Debug|Any CPU
		{CDEE140A-DF65-441B-A468-7BABA7CB8B86}.Release|Any CPU.ActiveCfg = Release|Any CPU
		{CDEE140A-DF65-441B-A468-7BABA7CB8B86}.Release|Any CPU.Build.0 = Release|Any CPU
	EndGlobalSection
	GlobalSection(SolutionProperties) = preSolution
		HideSolutionNode = FALSE
	EndGlobalSection
	GlobalSection(NestedProjects) = preSolution
		{CDEE140A-DF65-441B-A468-7BABA7CB8B86} = {1AD86A2F-4CAE-4023-A46C-8EFE7A4A6662}
	EndGlobalSection
	GlobalSection(ExtensibilityGlobals) = postSolution
		SolutionGuid = {A502F976-FFE4-4F1A-94D7-FB426FBE94B8}
	EndGlobalSection
EndGlobal
